<?xml version="1.0" encoding="utf-8"?>
<Project ToolsVersion="4.0" xmlns="http://schemas.microsoft.com/developer/msbuild/2003">
  <ItemGroup>
    <Filter Include="源文件">
      <UniqueIdentifier>{4FC737F1-C7A5-4376-A066-2A32D752A2FF}</UniqueIdentifier>
      <Extensions>cpp;c;cc;cxx;def;odl;idl;hpj;bat;asm;asmx</Extensions>
    </Filter>
    <Filter Include="头文件">
      <UniqueIdentifier>{93995380-89BD-4b04-88EB-625FBE52EBFB}</UniqueIdentifier>
      <Extensions>h;hpp;hxx;hm;inl;inc;xsd</Extensions>
    </Filter>
    <Filter Include="资源文件">
      <UniqueIdentifier>{67DA6AB6-F800-4c08-8B7A-83BB121AAD01}</UniqueIdentifier>
      <Extensions>rc;ico;cur;bmp;dlg;rc2;rct;bin;rgs;gif;jpg;jpeg;jpe;resx;tiff;tif;png;wav;mfcribbon-ms</Extensions>
    </Filter>
  </ItemGroup>
  <ItemGroup>
    <ClCompile Include="src\main.cpp">
      <Filter>源文件</Filter>
    </ClCompile>
    <ClCompile Include="src\MyGame3DDevice.cpp">
      <Filter>源文件</Filter>
    </ClCompile>
    <ClCompile Include="src\MyGame3DEffect.cpp">
      <Filter>源文件</Filter>
    </ClCompile>
    <ClCompile Include="src\MyGameClock.cpp">
      <Filter>源文件</Filter>
    </ClCompile>
    <ClCompile Include="src\MyGameDecoration.cpp">
      <Filter>源文件</Filter>
    </ClCompile>
    <ClCompile Include="src\MyGameGrid.cpp">
      <Filter>源文件</Filter>
    </ClCompile>
    <ClCompile Include="src\MyGameInstance.cpp">
      <Filter>源文件</Filter>
    </ClCompile>
    <ClCompile Include="src\MyGameLevel.cpp">
      <Filter>源文件</Filter>
    </ClCompile>
    <ClCompile Include="src\MyGameLua.cpp">
      <Filter>源文件</Filter>
    </ClCompile>
    <ClCompile Include="src\MyGameMessage.cpp">
      <Filter>源文件</Filter>
    </ClCompile>
    <ClCompile Include="src\MyGameMessageBox.cpp">
      <Filter>源文件</Filter>
    </ClCompile>
    <ClCompile Include="src\MyGameNotify.cpp">
      <Filter>源文件</Filter>
    </ClCompile>
    <ClCompile Include="src\MyGameSettings.cpp">
      <Filter>源文件</Filter>
    </ClCompile>
    <ClCompile Include="src\MyGameTextBase.cpp">
      <Filter>源文件</Filter>
    </ClCompile>
    <ClCompile Include="src\MyGameTexture.cpp">
      <Filter>源文件</Filter>
    </ClCompile>
    <ClCompile Include="src\MyGameUIAnimation.cpp">
      <Filter>源文件</Filter>
    </ClCompile>
    <ClCompile Include="src\MyGameUIDialog.cpp">
      <Filter>源文件</Filter>
    </ClCompile>
    <ClCompile Include="src\MyGameUISprite.cpp">
      <Filter>源文件</Filter>
    </ClCompile>
    <ClCompile Include="src\MyGameUISpriteMain.cpp">
      <Filter>源文件</Filter>
    </ClCompile>
    <ClCompile Include="src\MyGameUISpriteProcess.cpp">
      <Filter>源文件</Filter>
    </ClCompile>
    <ClCompile Include="src\MyGameUIText.cpp">
      <Filter>源文件</Filter>
    </ClCompile>
    <ClCompile Include="src\MyGameVertexBuffer.cpp">
      <Filter>源文件</Filter>
    </ClCompile>
    <ClCompile Include="src\MyGameWindow.cpp">
      <Filter>源文件</Filter>
    </ClCompile>
    <ClCompile Include="src\MyNewGameInstance.cpp">
      <Filter>源文件</Filter>
    </ClCompile>
    <ClCompile Include="src\stdafx.cpp">
      <Filter>源文件</Filter>
    </ClCompile>
    <ClCompile Include="src\testLoadObjFile.cpp">
      <Filter>源文件</Filter>
    </ClCompile>
  </ItemGroup>
  <ItemGroup>
    <ClInclude Include="src\main.h">
      <Filter>头文件</Filter>
    </ClInclude>
    <ClInclude Include="src\MyGame3DDevice.h">
      <Filter>头文件</Filter>
    </ClInclude>
    <ClInclude Include="src\MyGame3DEffect.h">
      <Filter>头文件</Filter>
    </ClInclude>
    <ClInclude Include="src\MyGameClock.h">
      <Filter>头文件</Filter>
    </ClInclude>
    <ClInclude Include="src\MyGameDecoration.h">
      <Filter>头文件</Filter>
    </ClInclude>
    <ClInclude Include="src\MyGameFunctions.h">
      <Filter>头文件</Filter>
    </ClInclude>
    <ClInclude Include="src\MyGameGrid.h">
      <Filter>头文件</Filter>
    </ClInclude>
    <ClInclude Include="src\MyGameInstance.h">
      <Filter>头文件</Filter>
    </ClInclude>
    <ClInclude Include="src\MyGameLevel.h">
      <Filter>头文件</Filter>
    </ClInclude>
    <ClInclude Include="src\MyGameLua.h">
      <Filter>头文件</Filter>
    </ClInclude>
    <ClInclude Include="src\MyGameMessage.h">
      <Filter>头文件</Filter>
    </ClInclude>
    <ClInclude Include="src\MyGameMessageBox.h">
      <Filter>头文件</Filter>
    </ClInclude>
    <ClInclude Include="src\MyGameNotify.h">
      <Filter>头文件</Filter>
    </ClInclude>
    <ClInclude Include="src\MyGameSettings.h">
      <Filter>头文件</Filter>
    </ClInclude>
    <ClInclude Include="src\MyGameTextBase.h">
      <Filter>头文件</Filter>
    </ClInclude>
    <ClInclude Include="src\MyGameTexture.h">
      <Filter>头文件</Filter>
    </ClInclude>
    <ClInclude Include="src\MyGameUIAnimation.h">
      <Filter>头文件</Filter>
    </ClInclude>
    <ClInclude Include="src\MyGameUIDialog.h">
      <Filter>头文件</Filter>
    </ClInclude>
    <ClInclude Include="src\MyGameUISprite.h">
      <Filter>头文件</Filter>
    </ClInclude>
    <ClInclude Include="src\MyGameUISpriteMain.h">
      <Filter>头文件</Filter>
    </ClInclude>
    <ClInclude Include="src\MyGameUISpriteProcess.h">
      <Filter>头文件</Filter>
    </ClInclude>
    <ClInclude Include="src\MyGameUIText.h">
      <Filter>头文件</Filter>
    </ClInclude>
    <ClInclude Include="src\MyGameVertexBuffer.h">
      <Filter>头文件</Filter>
    </ClInclude>
    <ClInclude Include="src\MyGameWindow.h">
      <Filter>头文件</Filter>
    </ClInclude>
    <ClInclude Include="src\MyNewGameInstance.h">
      <Filter>头文件</Filter>
    </ClInclude>
    <ClInclude Include="src\Resource.h">
      <Filter>头文件</Filter>
    </ClInclude>
    <ClInclude Include="src\stdafx.h">
      <Filter>头文件</Filter>
    </ClInclude>
    <ClInclude Include="src\targetver.h">
      <Filter>头文件</Filter>
    </ClInclude>
    <ClInclude Include="src\testLoadObjFile.h">
      <Filter>头文件</Filter>
    </ClInclude>
  </ItemGroup>
  <ItemGroup>
    <ResourceCompile Include="src\testMyWorld1.rc">
      <Filter>资源文件</Filter>
    </ResourceCompile>
  </ItemGroup>
</Project>